
Microsoft Visual Studio Solution File, Format Version 12.00
# Visual Studio 15
VisualStudioVersion = 15.0.28307.438
MinimumVisualStudioVersion = 10.0.40219.1
Project("{FAE04EC0-301F-11D3-BF4B-00C04F79EFBC}") = "缺失数字", "缺失数字\缺失数字.csproj", "{EBAD3563-691A-47FC-8B10-1441D54F8EE8}"
EndProject
Global
	GlobalSection(SolutionConfigurationPlatforms) = preSolution
		Debug|Any CPU = Debug|Any CPU
		Release|Any CPU = Release|Any CPU
	EndGlobalSection
	GlobalSection(ProjectConfigurationPlatforms) = postSolution
		{EBAD3563-691A-47FC-8B10-1441D54F8EE8}.Debug|Any CPU.ActiveCfg = Debug|Any CPU
		{EBAD3563-691A-47FC-8B10-1441D54F8EE8}.Debug|Any CPU.Build.0 = Debug|Any CPU
		{EBAD3563-691A-47FC-8B10-1441D54F8EE8}.Release|Any CPU.ActiveCfg = Release|Any CPU
		{EBAD3563-691A-47FC-8B10-1441D54F8EE8}.Release|Any CPU.Build.0 = Release|Any CPU
	EndGlobalSection
	GlobalSection(SolutionProperties) = preSolution
		HideSolutionNode = FALSE
	EndGlobalSection
	GlobalSection(ExtensibilityGlobals) = postSolution
		SolutionGuid = {7559FA9F-D3B5-4555-8F4A-7DCE95DB0CA6}
	EndGlobalSection
EndGlobal
